
Microsoft Visual Studio Solution File, Format Version 12.00
# Visual Studio Version 17
VisualStudioVersion = 17.5.2.0
MinimumVisualStudioVersion = 10.0.40219.1
Project("{FAE04EC0-301F-11D3-BF4B-00C04F79EFBC}") = "Modbus上位机", "Modbus上位机.csproj", "{4722070E-8C76-3552-37D3-7A32AEA25508}"
EndProject
Global
	GlobalSection(SolutionConfigurationPlatforms) = preSolution
		Debug|Any CPU = Debug|Any CPU
		Release|Any CPU = Release|Any CPU
	EndGlobalSection
	GlobalSection(ProjectConfigurationPlatforms) = postSolution
		{4722070E-8C76-3552-37D3-7A32AEA25508}.Debug|Any CPU.ActiveCfg = Debug|Any CPU
		{4722070E-8C76-3552-37D3-7A32AEA25508}.Debug|Any CPU.Build.0 = Debug|Any CPU
		{4722070E-8C76-3552-37D3-7A32AEA25508}.Release|Any CPU.ActiveCfg = Release|Any CPU
		{4722070E-8C76-3552-37D3-7A32AEA25508}.Release|Any CPU.Build.0 = Release|Any CPU
	EndGlobalSection
	GlobalSection(SolutionProperties) = preSolution
		HideSolutionNode = FALSE
	EndGlobalSection
	GlobalSection(ExtensibilityGlobals) = postSolution
		SolutionGuid = {04F33D0F-895C-4073-88AD-B1B7969D65BF}
	EndGlobalSection
EndGlobal
